{
    "_meta": {
        "hash": {
            "sha256": "422f3925e352844309a03393f4eab0055c302844f11bdbfbe10bbe117d862791"
        },
        "pipfile-spec": 6,
        "requires": {
            "python_version": "3.6"
        },
        "sources": [
            {
                "name": "pypi",
                "url": "https://pypi.org/simple",
                "verify_ssl": true
            }
        ]
    },
    "default": {
        "certifi": {
            "hashes": [
                "sha256:78884e7c1d4b00ce3cea67b44566851c4343c120abd683433ce934a68ea58872",
                "sha256:d62a0163eb4c2344ac042ab2bdf75399a71a2d8c7d47eac2e2ee91b9d6339569"
            ],
            "version": "==2021.10.8"
        },
        "charset-normalizer": {
            "hashes": [
                "sha256:e019de665e2bcf9c2b64e2e5aa025fa991da8720daa3c1138cadd2fd1856aed0",
                "sha256:f7af805c321bfa1ce6714c51f254e0d5bb5e5834039bc17db7ebe3a4cec9492b"
            ],
            "markers": "python_version >= '3'",
            "version": "==2.0.7"
        },
        "cython": {
            "hashes": [
                "sha256:0afa0b121b89de619e71587e25702e2b7068d7da2164c47e6eee80c17823a62f",
                "sha256:1c608ba76f7a20cc9f0c021b7fe5cb04bc1a70327ae93a9298b1bc3e0edddebe",
                "sha256:26229570d6787ff3caa932fe9d802960f51a89239b990d275ae845405ce43857",
                "sha256:2a9deafa437b6154cac2f25bb88e0bfd075a897c8dc847669d6f478d7e3ee6b1",
                "sha256:2f28396fbce6d9d68a40edbf49a6729cf9d92a4d39ff0f501947a89188e9099f",
                "sha256:3983dd7b67297db299b403b29b328d9e03e14c4c590ea90aa1ad1d7b35fb178b",
                "sha256:4100a3f8e8bbe47d499cdac00e56d5fe750f739701ea52dc049b6c56f5421d97",
                "sha256:51abfaa7b6c66f3f18028876713c8804e73d4c2b6ceddbcbcfa8ec62429377f0",
                "sha256:61c24f4554efdb8fb1ac6c8e75dab301bcdf2b7b739ed0c2b267493bb43163c5",
                "sha256:700ccf921b2fdc9b23910e95b5caae4b35767685e0812343fa7172409f1b5830",
                "sha256:7b41eb2e792822a790cb2a171df49d1a9e0baaa8e81f58077b7380a273b93d5f",
                "sha256:803987d3b16d55faa997bfc12e8b97f1091f145930dee229b020487aed8a1f44",
                "sha256:99af5cfcd208c81998dcf44b3ca466dee7e17453cfb50e98b87947c3a86f8753",
                "sha256:9faea1cca34501c7e139bc7ef8e504d532b77865c58592493e2c154a003b450f",
                "sha256:a7ba4c9a174db841cfee9a0b92563862a0301d7ca543334666c7266b541f141a",
                "sha256:b26071c2313d1880599c69fd831a07b32a8c961ba69d7ccbe5db1cd8d319a4ca",
                "sha256:b49dc8e1116abde13a3e6a9eb8da6ab292c5a3325155fb872e39011b110b37e6",
                "sha256:bd40def0fd013569887008baa6da9ca428e3d7247adeeaeada153006227bb2e7",
                "sha256:bfd0db770e8bd4e044e20298dcae6dfc42561f85d17ee546dcd978c8b23066ae",
                "sha256:c2fad1efae5889925c8fd7867fdd61f59480e4e0b510f9db096c912e884704f1",
                "sha256:c81aea93d526ccf6bc0b842c91216ee9867cd8792f6725a00f19c8b5837e1715",
                "sha256:da786e039b4ad2bce3d53d4799438cf1f5e01a0108f1b8d78ac08e6627281b1a",
                "sha256:deab85a069397540987082d251e9c89e0e5b2e3e044014344ff81f60e211fc4b",
                "sha256:e3f1e6224c3407beb1849bdc5ae3150929e593e4cffff6ca41c6ec2b10942c80",
                "sha256:e74eb224e53aae3943d66e2d29fe42322d5753fd4c0641329bccb7efb3a46552",
                "sha256:ee697c7ea65cb14915a64f36874da8ffc2123df43cf8bc952172e04a26656cd6",
                "sha256:f37792b16d11606c28e428460bd6a3d14b8917b109e77cdbe4ca78b0b9a52c87",
                "sha256:fd2906b54cbf879c09d875ad4e4687c58d87f5ed03496063fec1c9065569fd5d"
            ],
            "index": "pypi",
            "version": "==0.29.10"
        },
        "graphviz": {
            "hashes": [
                "sha256:4958a19cbd8461757a08db308a4a15c3d586660417e1e364f0107d2fe481689f",
                "sha256:7caa53f0b0be42c5f2eaa3f3d71dcc863b15bacceb5d531c2ad7519e1980ff82"
            ],
            "markers": "python_version >= '2.7' and python_version not in '3.0, 3.1, 3.2, 3.3'",
            "version": "==0.8.4"
        },
        "idna": {
            "hashes": [
                "sha256:14475042e284991034cb48e06f6851428fb14c4dc953acd9be9a5e95c7b6dd7a",
                "sha256:467fbad99067910785144ce333826c71fb0e63a425657295239737f7ecd125f3"
            ],
            "markers": "python_version >= '3'",
            "version": "==3.2"
        },
        "lasagne": {
            "file": "https://github.com/Lasagne/Lasagne/archive/master.zip",
            "hashes": [
                "sha256:2336c20ce9ec9e2de613fc6124778395f16de9e6f263335752177369cd03df17"
            ],
            "version": "==0.2.dev1"
        },
        "mxnet": {
            "hashes": [
                "sha256:0e9599e7e656aec5ceaecb15257e67065c93ae0fde1ce94633f512bf17827745",
                "sha256:1c480e0cb38d707c26a00be1de09fe25e271ec4afe6b1d9e556809e1002c5060",
                "sha256:2ab6a0a1b15994d52463ee43192b388be7a72a667d8a699a88da92b4023d2b7e",
                "sha256:2d729522700c1d64b9aacabf1be188341a785d18e27963c978e863a6425b9da9",
                "sha256:77c50bf060359780bb08190fc47bed365855a1f938af2819d91400ec2e202e1d",
                "sha256:d4b805107b9b0a5e768f7923f7a94b99f6b831f8a15e9a4652a7f92159384cad",
                "sha256:f21757354c25d2bff1e5693b86e35bd540bf420ba33580ffa32b72f4b04f6a14"
            ],
            "index": "pypi",
            "version": "==1.4.1"
        },
        "numpy": {
            "hashes": [
                "sha256:057ca467673a4b0422a9365ea0b53572813764f60896d3d1423f5cc9d2dd0d02",
                "sha256:0e7c5e5358be186e0d6c73a9b34e1b890602ac1db413adc61794e2e3e02ec65c",
                "sha256:1250edf6f6c43e1d7823f0967416bc18258bb271dc536298eb0ea00a9e45b80a",
                "sha256:1454aca5a62fe18bb2828ea1b2f9d1534afed7216c13404a6657cda57937c54b",
                "sha256:1718e009ac6699868c82c4ed154e64945479f5c3d8826b2e10c470e9fad7bd18",
                "sha256:1b07024c4d87bf7a0738c438aa7fb709f9d7c093513bb8ffb2ac849f4553658c",
                "sha256:33acfba9f453b0b6465c0aa5fe5cb0d32b8483850bc8cc776b4d3cc96595aa03",
                "sha256:35be3f06ad20030bfba9ae199fa5d5474aebeabb3197d2ce9fcd8c417f7415e3",
                "sha256:40f9c0ae71453e4d28d40e502e531e72810bf3b12b2d55cad939ab86a26ead42",
                "sha256:4ab59a69a627ee73a2723b60723abfe0404947c16acef7b0880d6bbec93ba7cd",
                "sha256:4c774c852cad87f692e6b3e374ba7074c7a9897cf4bafcc47ad48142d455f3ae",
                "sha256:4e2f4c7031507b23b14056a4bc2b4cbe865607f55b45bfc15cc745a268bc817e",
                "sha256:686869ff6adc49b3066fdb44198c0655603b33e2c4d852a04c6a84cd8b224786",
                "sha256:6d3e10394dada2cdf8ba354025ddf15a744b4e833c77347e31547c4b5c77deab",
                "sha256:6eb031402a278a6fa5838e543cf36ed6d21a6ee90e9a2803570d47908ca5e9fd",
                "sha256:6f2a52bb05c560fd6f29d7b49dfe8b4d7c5445c448e5587969446a0f10cf9164",
                "sha256:7ce70ef6fd9bdfafd896c617761129fafaa06e4683d0bfbf3c56a87c89e02d61",
                "sha256:964c2c6a9e0ecac54a368effa26a89a97b2e15266dc68dc78f2519f3040be623",
                "sha256:a1cafe27328c1f01127297f11e2be25d5d3821d2654a7459e017cfce98258995",
                "sha256:bd6b3906a50f9ad755e2c21a78661eff1bbaab3c803c0fcf22927ec50372dba6",
                "sha256:d37f058ea9a2fd2a9160b0cc65bbfb302dfcea8d5fe178299938d95d7bfa2b83",
                "sha256:d3f22c0781ad5fe51d7210f36a91f01620355520996fc332a1d0cf24e0cab794",
                "sha256:db10d3d10658a847f85fe9df0d5fe6df190a30d32423d670c3824580e373c0a8",
                "sha256:df2937c62d8d3059c1396c7cacfc12577c0923e2a37557592759358848b1544c",
                "sha256:e11e5eba43e0d8b077aafa11e43db7a77af4fa435557972dd3570898e0cbb736",
                "sha256:e5daec856ea0e1111391179449b855aa29f1433ac507adc3d6c00a96abb438cb",
                "sha256:f1dd9a8ecbe9f8f13652afe04c470bb837578e402a3641649ddc41764d0e4326",
                "sha256:fe909f8d14b2f16ea5d9ec2234fc0ffbfccccaef1ba6bc27d9d21acfe8cc72e1"
            ],
            "index": "pypi",
            "version": "==1.14.6"
        },
        "opencv-python": {
            "hashes": [
                "sha256:0f2e739c582e8c5e432130648bc6d66a56bc65f4cd9ff0bc7033033d2130c7a3",
                "sha256:0f3d159ad6cb9cbd188c726f87485f0799a067a0a15f34c25d7b5c8db3cb2e50",
                "sha256:167a6aff9bd124a3a67e0ec25d0da5ecdc8d96a56405e3e5e7d586c4105eb1bb",
                "sha256:1b90d50bc7a31e9573a8da1b80fcd1e4d9c86c0e5f76387858e1b87eb8b0332b",
                "sha256:2baf1213ae2fd678991f905d7b2b94eddfdfb5f75757db0f0b31eebd48ca200d",
                "sha256:312dda54c7e809c20d7409418060ae0e9cdbe82975e7ced429eb3c234ffc0d4a",
                "sha256:32384e675f7cefe707cac40a95eeb142d6869065e39c5500374116297cd8ca6d",
                "sha256:5c50634dd8f2f866fd99fd939292ce10e52bef82804ebc4e7f915221c3b7e951",
                "sha256:6841bb9cc24751dbdf94e7eefc4e6d70ec297952501954471299fd12ab67391c",
                "sha256:68c1c846dd267cd7e293d3fc0bb238db0a744aa1f2e721e327598f00cb982098",
                "sha256:703910aaa1dcd25a412f78a190fb7a352d9a64ee7d9a35566d786f3cc66ebf20",
                "sha256:8002959146ed21959e3118c60c8e94ceac02eea15b691da6c62cff4787c63f7f",
                "sha256:889eef049d38488b5b4646c48a831feed37c0fd44f3d83c05cff80f4baded145",
                "sha256:8c76983c9ec3e4cf3a4c1d172ec4285332d9fb1c7194d724aff0c518437471ee",
                "sha256:9cd9bd72f4a9743ef6f11f0f96784bd215a542e996db1717d4c2d3d03eb81a1b",
                "sha256:a1a5517301dc8d56243a14253d231ec755b94486b4fff2ae68269bc941bb1f2e",
                "sha256:a2b08aec2eacae868723136383d9eb84a33062a7a7ec5ec3bd2c423bd1355946",
                "sha256:a8529a79233f3581a66984acd16bce52ab0163f6f77568dd69e9ee4956d2e1db",
                "sha256:afbc81a3870739610a9f9a1197374d6a45892cf1933c90fc5617d39790991ed3",
                "sha256:baeb5dd8b21c718580687f5b4efd03f8139b1c56239cdf6b9805c6946e80f268",
                "sha256:db1d49b753e6e6c76585f21d09c7e9812176732baa9bddb64bc2fc6cd24d4179",
                "sha256:e242ed419aeb2488e0f9ee6410a34917f0f8d62b3ae96aa3170d83bae75004e2",
                "sha256:e36a8857be2c849e54009f1bee25e8c34fbc683fcd38c6c700af4cba5f8d57c2",
                "sha256:e699232fd033ef0053efec2cba0a7505514f374ba7b18c732a77cb5304311ef9",
                "sha256:eae3da9231d87980f8082d181c276a04f7a6fdac130cebd467390b96dd05f944",
                "sha256:ee6814c94dbf1cae569302afef9dd29efafc52373e8770ded0db549a3b6e0c00",
                "sha256:f01a87a015227d8af407161eb48222fc3c8b01661cdc841e2b86eee4f1a7a417"
            ],
            "index": "pypi",
            "version": "==4.2.0.32"
        },
        "requests": {
            "hashes": [
                "sha256:6c1246513ecd5ecd4528a0906f910e8f0f9c6b8ec72030dc9fd154dc1a6efd24",
                "sha256:b8aa58f8cf793ffd8782d3d8cb19e66ef36f7aba4353eec859e74678b01b07a7"
            ],
            "markers": "python_version >= '2.7' and python_version not in '3.0, 3.1, 3.2, 3.3, 3.4, 3.5'",
            "version": "==2.26.0"
        },
        "scipy": {
            "hashes": [
                "sha256:168c45c0c32e23f613db7c9e4e780bc61982d71dcd406ead746c7c7c2f2004ce",
                "sha256:213bc59191da2f479984ad4ec39406bf949a99aba70e9237b916ce7547b6ef42",
                "sha256:25b241034215247481f53355e05f9e25462682b13bd9191359075682adcd9554",
                "sha256:2c872de0c69ed20fb1a9b9cf6f77298b04a26f0b8720a5457be08be254366c6e",
                "sha256:3397c129b479846d7eaa18f999369a24322d008fac0782e7828fa567358c36ce",
                "sha256:368c0f69f93186309e1b4beb8e26d51dd6f5010b79264c0f1e9ca00cd92ea8c9",
                "sha256:3d5db5d815370c28d938cf9b0809dade4acf7aba57eaf7ef733bfedc9b2474c4",
                "sha256:4598cf03136067000855d6b44d7a1f4f46994164bcd450fb2c3d481afc25dd06",
                "sha256:4a453d5e5689de62e5d38edf40af3f17560bfd63c9c5bd228c18c1f99afa155b",
                "sha256:4f12d13ffbc16e988fa40809cbbd7a8b45bc05ff6ea0ba8e3e41f6f4db3a9e47",
                "sha256:634568a3018bc16a83cda28d4f7aed0d803dd5618facb36e977e53b2df868443",
                "sha256:65923bc3809524e46fb7eb4d6346552cbb6a1ffc41be748535aa502a2e3d3389",
                "sha256:6b0ceb23560f46dd236a8ad4378fc40bad1783e997604ba845e131d6c680963e",
                "sha256:8c8d6ca19c8497344b810b0b0344f8375af5f6bb9c98bd42e33f747417ab3f57",
                "sha256:9ad4fcddcbf5dc67619379782e6aeef41218a79e17979aaed01ed099876c0e62",
                "sha256:a254b98dbcc744c723a838c03b74a8a34c0558c9ac5c86d5561703362231107d",
                "sha256:b03c4338d6d3d299e8ca494194c0ae4f611548da59e3c038813f1a43976cb437",
                "sha256:cc1f78ebc982cd0602c9a7615d878396bec94908db67d4ecddca864d049112f2",
                "sha256:d6d25c41a009e3c6b7e757338948d0076ee1dd1770d1c09ec131f11946883c54",
                "sha256:d84cadd7d7998433334c99fa55bcba0d8b4aeff0edb123b2a1dfcface538e474",
                "sha256:e360cb2299028d0b0d0f65a5c5e51fc16a335f1603aa2357c25766c8dab56938",
                "sha256:e98d49a5717369d8241d6cf33ecb0ca72deee392414118198a8e5b4c35c56340",
                "sha256:ed572470af2438b526ea574ff8f05e7f39b44ac37f712105e57fc4d53a6fb660",
                "sha256:f87b39f4d69cf7d7529d7b1098cb712033b17ea7714aed831b95628f483fd012",
                "sha256:fa789583fc94a7689b45834453fec095245c7e69c58561dc159b5d5277057e4c"
            ],
            "markers": "python_version >= '3.6'",
            "version": "==1.5.4"
        },
        "six": {
            "hashes": [
                "sha256:1e61c37477a1626458e36f7b1d82aa5c9b094fa4802892072e49de9c60c4c926",
                "sha256:8abb2f1d86890a2dfb989f9a77cfcfd3e47c2a354b01111771326f8aa26e0254"
            ],
            "markers": "python_version >= '2.7' and python_version not in '3.0, 3.1, 3.2, 3.3'",
            "version": "==1.16.0"
        },
        "theano": {
            "hashes": [
                "sha256:35c9bbef56b61ffa299265a42a4e8f8cb5a07b2997dabaef0f8830b397086913"
            ],
            "index": "pypi",
            "version": "==1.0.4"
        },
        "urllib3": {
            "hashes": [
                "sha256:4987c65554f7a2dbf30c18fd48778ef124af6fab771a377103da0585e2336ece",
                "sha256:c4fdf4019605b6e5423637e01bc9fe4daef873709a7973e195ceba0a62bbc844"
            ],
            "markers": "python_version >= '2.7' and python_version not in '3.0, 3.1, 3.2, 3.3, 3.4' and python_version < '4'",
            "version": "==1.26.7"
        }
    },
    "develop": {}
}
